
Microsoft Visual Studio Solution File, Format Version 12.00
# Visual Studio Version 16
VisualStudioVersion = 16.0.30804.86
MinimumVisualStudioVersion = 10.0.40219.1
Project("{2150E333-8FDC-42A3-9474-1A3956D46DE8}") = "src", "src", "{B254B318-7340-43DE-BF1C-9ABD227CC6A5}"
EndProject
Project("{9A19103F-16F7-4668-BE54-9A1E7A4F7556}") = "Fra", "Fra\Fra.csproj", "{CD3B68AA-C5A1-49CE-ADD9-CF9D5EB21037}"
EndProject
Project("{2150E333-8FDC-42A3-9474-1A3956D46DE8}") = "test", "test", "{3B270F47-F416-48F8-8A63-7C9B3BA64EB4}"
EndProject
Project("{9A19103F-16F7-4668-BE54-9A1E7A4F7556}") = "Fra.Tests", "..\test\Fra.Tests\Fra.Tests.csproj", "{8DE1CA03-2F24-4993-A5F1-5113F626BBD4}"
EndProject
Project("{9A19103F-16F7-4668-BE54-9A1E7A4F7556}") = "Fra.AspNetCore", "Fra.AspNetCore\Fra.AspNetCore.csproj", "{F149D5BB-D2A6-40C6-ADA7-E6C39A4D51D6}"
EndProject
Project("{9A19103F-16F7-4668-BE54-9A1E7A4F7556}") = "Fra.AspNet.Tests", "..\test\Fra.AspNet.Tests\Fra.AspNet.Tests.csproj", "{40E83DC3-9450-4D47-8D0B-B0B53F97E541}"
EndProject
Project("{9A19103F-16F7-4668-BE54-9A1E7A4F7556}") = "Fra.Domain", "Fra.Domain\Fra.Domain.csproj", "{32F4ECF6-F86D-4F97-89F5-F4BF15FB4334}"
EndProject
Project("{9A19103F-16F7-4668-BE54-9A1E7A4F7556}") = "Fra.Data", "Fra.Data\Fra.Data.csproj", "{B1BB14AC-A9AA-4543-8748-E2288F3172FE}"
EndProject
Project("{9A19103F-16F7-4668-BE54-9A1E7A4F7556}") = "Fra.AspNetCore.Tests.Autowried", "..\test\Fra.AspNetCore.Tests.Autowried\Fra.AspNetCore.Tests.Autowried.csproj", "{D1AB7C8D-3ECB-4FDD-9939-08D30F79D62A}"
EndProject
Project("{FAE04EC0-301F-11D3-BF4B-00C04F79EFBC}") = "Fra.Uow", "Fra.Uow\Fra.Uow.csproj", "{4F4E1259-338E-4779-BFCC-46FE0F0FFFD2}"
EndProject
Global
	GlobalSection(SolutionConfigurationPlatforms) = preSolution
		Debug|Any CPU = Debug|Any CPU
		Release|Any CPU = Release|Any CPU
	EndGlobalSection
	GlobalSection(ProjectConfigurationPlatforms) = postSolution
		{CD3B68AA-C5A1-49CE-ADD9-CF9D5EB21037}.Debug|Any CPU.ActiveCfg = Debug|Any CPU
		{CD3B68AA-C5A1-49CE-ADD9-CF9D5EB21037}.Debug|Any CPU.Build.0 = Debug|Any CPU
		{CD3B68AA-C5A1-49CE-ADD9-CF9D5EB21037}.Release|Any CPU.ActiveCfg = Release|Any CPU
		{CD3B68AA-C5A1-49CE-ADD9-CF9D5EB21037}.Release|Any CPU.Build.0 = Release|Any CPU
		{8DE1CA03-2F24-4993-A5F1-5113F626BBD4}.Debug|Any CPU.ActiveCfg = Debug|Any CPU
		{8DE1CA03-2F24-4993-A5F1-5113F626BBD4}.Debug|Any CPU.Build.0 = Debug|Any CPU
		{8DE1CA03-2F24-4993-A5F1-5113F626BBD4}.Release|Any CPU.ActiveCfg = Release|Any CPU
		{8DE1CA03-2F24-4993-A5F1-5113F626BBD4}.Release|Any CPU.Build.0 = Release|Any CPU
		{F149D5BB-D2A6-40C6-ADA7-E6C39A4D51D6}.Debug|Any CPU.ActiveCfg = Debug|Any CPU
		{F149D5BB-D2A6-40C6-ADA7-E6C39A4D51D6}.Debug|Any CPU.Build.0 = Debug|Any CPU
		{F149D5BB-D2A6-40C6-ADA7-E6C39A4D51D6}.Release|Any CPU.ActiveCfg = Release|Any CPU
		{F149D5BB-D2A6-40C6-ADA7-E6C39A4D51D6}.Release|Any CPU.Build.0 = Release|Any CPU
		{40E83DC3-9450-4D47-8D0B-B0B53F97E541}.Debug|Any CPU.ActiveCfg = Debug|Any CPU
		{40E83DC3-9450-4D47-8D0B-B0B53F97E541}.Debug|Any CPU.Build.0 = Debug|Any CPU
		{40E83DC3-9450-4D47-8D0B-B0B53F97E541}.Release|Any CPU.ActiveCfg = Release|Any CPU
		{40E83DC3-9450-4D47-8D0B-B0B53F97E541}.Release|Any CPU.Build.0 = Release|Any CPU
		{32F4ECF6-F86D-4F97-89F5-F4BF15FB4334}.Debug|Any CPU.ActiveCfg = Debug|Any CPU
		{32F4ECF6-F86D-4F97-89F5-F4BF15FB4334}.Debug|Any CPU.Build.0 = Debug|Any CPU
		{32F4ECF6-F86D-4F97-89F5-F4BF15FB4334}.Release|Any CPU.ActiveCfg = Release|Any CPU
		{32F4ECF6-F86D-4F97-89F5-F4BF15FB4334}.Release|Any CPU.Build.0 = Release|Any CPU
		{B1BB14AC-A9AA-4543-8748-E2288F3172FE}.Debug|Any CPU.ActiveCfg = Debug|Any CPU
		{B1BB14AC-A9AA-4543-8748-E2288F3172FE}.Debug|Any CPU.Build.0 = Debug|Any CPU
		{B1BB14AC-A9AA-4543-8748-E2288F3172FE}.Release|Any CPU.ActiveCfg = Release|Any CPU
		{B1BB14AC-A9AA-4543-8748-E2288F3172FE}.Release|Any CPU.Build.0 = Release|Any CPU
		{D1AB7C8D-3ECB-4FDD-9939-08D30F79D62A}.Debug|Any CPU.ActiveCfg = Debug|Any CPU
		{D1AB7C8D-3ECB-4FDD-9939-08D30F79D62A}.Debug|Any CPU.Build.0 = Debug|Any CPU
		{D1AB7C8D-3ECB-4FDD-9939-08D30F79D62A}.Release|Any CPU.ActiveCfg = Release|Any CPU
		{D1AB7C8D-3ECB-4FDD-9939-08D30F79D62A}.Release|Any CPU.Build.0 = Release|Any CPU
		{4F4E1259-338E-4779-BFCC-46FE0F0FFFD2}.Debug|Any CPU.ActiveCfg = Debug|Any CPU
		{4F4E1259-338E-4779-BFCC-46FE0F0FFFD2}.Debug|Any CPU.Build.0 = Debug|Any CPU
		{4F4E1259-338E-4779-BFCC-46FE0F0FFFD2}.Release|Any CPU.ActiveCfg = Release|Any CPU
		{4F4E1259-338E-4779-BFCC-46FE0F0FFFD2}.Release|Any CPU.Build.0 = Release|Any CPU
	EndGlobalSection
	GlobalSection(SolutionProperties) = preSolution
		HideSolutionNode = FALSE
	EndGlobalSection
	GlobalSection(NestedProjects) = preSolution
		{CD3B68AA-C5A1-49CE-ADD9-CF9D5EB21037} = {B254B318-7340-43DE-BF1C-9ABD227CC6A5}
		{8DE1CA03-2F24-4993-A5F1-5113F626BBD4} = {3B270F47-F416-48F8-8A63-7C9B3BA64EB4}
		{F149D5BB-D2A6-40C6-ADA7-E6C39A4D51D6} = {B254B318-7340-43DE-BF1C-9ABD227CC6A5}
		{40E83DC3-9450-4D47-8D0B-B0B53F97E541} = {3B270F47-F416-48F8-8A63-7C9B3BA64EB4}
		{32F4ECF6-F86D-4F97-89F5-F4BF15FB4334} = {B254B318-7340-43DE-BF1C-9ABD227CC6A5}
		{B1BB14AC-A9AA-4543-8748-E2288F3172FE} = {B254B318-7340-43DE-BF1C-9ABD227CC6A5}
		{D1AB7C8D-3ECB-4FDD-9939-08D30F79D62A} = {3B270F47-F416-48F8-8A63-7C9B3BA64EB4}
		{4F4E1259-338E-4779-BFCC-46FE0F0FFFD2} = {B254B318-7340-43DE-BF1C-9ABD227CC6A5}
	EndGlobalSection
	GlobalSection(ExtensibilityGlobals) = postSolution
		SolutionGuid = {7F78880D-15E3-4591-B562-AE4BE3DD068E}
	EndGlobalSection
EndGlobal
